
Microsoft Visual Studio Solution File, Format Version 12.00
# Visual Studio 15
VisualStudioVersion = 15.0.27130.2010
MinimumVisualStudioVersion = 10.0.40219.1
Project("{FAE04EC0-301F-11D3-BF4B-00C04F79EFBC}") = "Lodestone", "Lodestone\Lodestone.csproj", "{93EB5A9D-6009-477A-BA33-7C1CC380C788}"
EndProject
Project("{FAE04EC0-301F-11D3-BF4B-00C04F79EFBC}") = "Lodestone.UnitTests", "Lodestone.UnitTests\Lodestone.UnitTests.csproj", "{E65191E2-8A90-477B-B9B6-1CDFE5CB3CD7}"
EndProject
Global
	GlobalSection(SolutionConfigurationPlatforms) = preSolution
		Debug|Any CPU = Debug|Any CPU
		Release|Any CPU = Release|Any CPU
	EndGlobalSection
	GlobalSection(ProjectConfigurationPlatforms) = postSolution
		{93EB5A9D-6009-477A-BA33-7C1CC380C788}.Debug|Any CPU.ActiveCfg = Debug|Any CPU
		{93EB5A9D-6009-477A-BA33-7C1CC380C788}.Debug|Any CPU.Build.0 = Debug|Any CPU
		{93EB5A9D-6009-477A-BA33-7C1CC380C788}.Release|Any CPU.ActiveCfg = Release|Any CPU
		{93EB5A9D-6009-477A-BA33-7C1CC380C788}.Release|Any CPU.Build.0 = Release|Any CPU
		{E65191E2-8A90-477B-B9B6-1CDFE5CB3CD7}.Debug|Any CPU.ActiveCfg = Debug|Any CPU
		{E65191E2-8A90-477B-B9B6-1CDFE5CB3CD7}.Debug|Any CPU.Build.0 = Debug|Any CPU
		{E65191E2-8A90-477B-B9B6-1CDFE5CB3CD7}.Release|Any CPU.ActiveCfg = Release|Any CPU
		{E65191E2-8A90-477B-B9B6-1CDFE5CB3CD7}.Release|Any CPU.Build.0 = Release|Any CPU
	EndGlobalSection
	GlobalSection(SolutionProperties) = preSolution
		HideSolutionNode = FALSE
	EndGlobalSection
	GlobalSection(ExtensibilityGlobals) = postSolution
		SolutionGuid = {6B341E57-D1BA-4A12-B7DF-A6DBBDA5D63D}
	EndGlobalSection
EndGlobal
